{
  "version": 4,
  "terraform_version": "0.12.24",
  "serial": 11,
  "lineage": "07c8793a-8360-84a1-5443-6c035968f5ee",
  "outputs": {},
  "resources": [
    {
      "mode": "managed",
      "type": "azurerm_resource_group",
      "name": "rsg1",
      "provider": "provider.azurerm",
      "instances": [
        {
          "schema_version": 0,
          "attributes": {
            "id": "/subscriptions/5e2a1a1b-aaf4-48ad-98a5-798b0112021c/resourceGroups/storageresources",
            "location": "westeurope",
            "name": "storageresources",
            "tags": {},
            "timeouts": null
          },
          "private": "eyJlMmJmYjczMC1lY2FhLTExZTYtOGY4OC0zNDM2M2JjN2M0YzAiOnsiY3JlYXRlIjo1NDAwMDAwMDAwMDAwLCJkZWxldGUiOjU0MDAwMDAwMDAwMDAsInJlYWQiOjMwMDAwMDAwMDAwMCwidXBkYXRlIjo1NDAwMDAwMDAwMDAwfX0="
        }
      ]
    },
    {
      "mode": "managed",
      "type": "azurerm_storage_account",
      "name": "stga1",
      "provider": "provider.azurerm",
      "instances": [
        {
          "schema_version": 2,
          "attributes": {
            "access_tier": "Cool",
            "account_kind": "StorageV2",
            "account_replication_type": "LRS",
            "account_tier": "Standard",
            "blob_properties": [],
            "custom_domain": [],
            "enable_https_traffic_only": true,
            "id": "/subscriptions/5e2a1a1b-aaf4-48ad-98a5-798b0112021c/resourceGroups/storageresources/providers/Microsoft.Storage/storageAccounts/companyxstorageaccount",
            "identity": [],
            "is_hns_enabled": false,
            "location": "westeurope",
            "name": "companyxstorageaccount",
            "network_rules": [
              {
                "bypass": [
                  "AzureServices"
                ],
                "default_action": "Allow",
                "ip_rules": [],
                "virtual_network_subnet_ids": []
              }
            ],
            "primary_access_key": "AcpHbSg489Duyb1SBb8A8LAHw+FM0NeCOge8e7zIRAcayqYIOcSaCDCEVcJFQVSETGG6nKB5aeWXuDUQ+7ZDZw==",
            "primary_blob_connection_string": "DefaultEndpointsProtocol=https;BlobEndpoint=https://companyxstorageaccount.blob.core.windows.net/;AccountName=companyxstorageaccount;AccountKey=AcpHbSg489Duyb1SBb8A8LAHw+FM0NeCOge8e7zIRAcayqYIOcSaCDCEVcJFQVSETGG6nKB5aeWXuDUQ+7ZDZw==",
            "primary_blob_endpoint": "https://companyxstorageaccount.blob.core.windows.net/",
            "primary_blob_host": "companyxstorageaccount.blob.core.windows.net",
            "primary_connection_string": "DefaultEndpointsProtocol=https;AccountName=companyxstorageaccount;AccountKey=AcpHbSg489Duyb1SBb8A8LAHw+FM0NeCOge8e7zIRAcayqYIOcSaCDCEVcJFQVSETGG6nKB5aeWXuDUQ+7ZDZw==;EndpointSuffix=core.windows.net",
            "primary_dfs_endpoint": "https://companyxstorageaccount.dfs.core.windows.net/",
            "primary_dfs_host": "companyxstorageaccount.dfs.core.windows.net",
            "primary_file_endpoint": "https://companyxstorageaccount.file.core.windows.net/",
            "primary_file_host": "companyxstorageaccount.file.core.windows.net",
            "primary_location": "westeurope",
            "primary_queue_endpoint": "https://companyxstorageaccount.queue.core.windows.net/",
            "primary_queue_host": "companyxstorageaccount.queue.core.windows.net",
            "primary_table_endpoint": "https://companyxstorageaccount.table.core.windows.net/",
            "primary_table_host": "companyxstorageaccount.table.core.windows.net",
            "primary_web_endpoint": "https://companyxstorageaccount.z6.web.core.windows.net/",
            "primary_web_host": "companyxstorageaccount.z6.web.core.windows.net",
            "queue_properties": [
              {
                "cors_rule": [],
                "hour_metrics": [
                  {
                    "enabled": true,
                    "include_apis": true,
                    "retention_policy_days": 7,
                    "version": "1.0"
                  }
                ],
                "logging": [
                  {
                    "delete": false,
                    "read": false,
                    "retention_policy_days": 0,
                    "version": "1.0",
                    "write": false
                  }
                ],
                "minute_metrics": [
                  {
                    "enabled": false,
                    "include_apis": false,
                    "retention_policy_days": 0,
                    "version": "1.0"
                  }
                ]
              }
            ],
            "resource_group_name": "storageresources",
            "secondary_access_key": "oCu8Y+GQQOs39GGSvbXTZPhBPj6tW0CgqUZ8abiUcMDIuGLkFuREnyaTjB68dhm9saDTARVywppif1OVTAJnkA==",
            "secondary_blob_connection_string": "",
            "secondary_blob_endpoint": null,
            "secondary_blob_host": null,
            "secondary_connection_string": "DefaultEndpointsProtocol=https;AccountName=companyxstorageaccount;AccountKey=oCu8Y+GQQOs39GGSvbXTZPhBPj6tW0CgqUZ8abiUcMDIuGLkFuREnyaTjB68dhm9saDTARVywppif1OVTAJnkA==;EndpointSuffix=core.windows.net",
            "secondary_dfs_endpoint": null,
            "secondary_dfs_host": null,
            "secondary_file_endpoint": null,
            "secondary_file_host": null,
            "secondary_location": "",
            "secondary_queue_endpoint": null,
            "secondary_queue_host": null,
            "secondary_table_endpoint": null,
            "secondary_table_host": null,
            "secondary_web_endpoint": null,
            "secondary_web_host": null,
            "static_website": [],
            "tags": {},
            "timeouts": null
          },
          "private": "eyJlMmJmYjczMC1lY2FhLTExZTYtOGY4OC0zNDM2M2JjN2M0YzAiOnsiY3JlYXRlIjozNjAwMDAwMDAwMDAwLCJkZWxldGUiOjM2MDAwMDAwMDAwMDAsInJlYWQiOjMwMDAwMDAwMDAwMCwidXBkYXRlIjozNjAwMDAwMDAwMDAwfSwic2NoZW1hX3ZlcnNpb24iOiIyIn0=",
          "dependencies": [
            "azurerm_resource_group.rsg1"
          ]
        }
      ]
    },
    {
      "mode": "managed",
      "type": "azurerm_storage_container",
      "name": "stcont1",
      "provider": "provider.azurerm",
      "instances": [
        {
          "schema_version": 1,
          "attributes": {
            "container_access_type": "private",
            "has_immutability_policy": false,
            "has_legal_hold": false,
            "id": "https://companyxstorageaccount.blob.core.windows.net/backupstorage",
            "metadata": {},
            "name": "backupstorage",
            "resource_manager_id": "/subscriptions/5e2a1a1b-aaf4-48ad-98a5-798b0112021c/resourceGroups/storageresources/providers/Microsoft.Storage/storageAccounts/companyxstorageaccount/blobServices/default/containers/backupstorage",
            "storage_account_name": "companyxstorageaccount",
            "timeouts": null
          },
          "private": "eyJlMmJmYjczMC1lY2FhLTExZTYtOGY4OC0zNDM2M2JjN2M0YzAiOnsiY3JlYXRlIjoxODAwMDAwMDAwMDAwLCJkZWxldGUiOjE4MDAwMDAwMDAwMDAsInJlYWQiOjMwMDAwMDAwMDAwMCwidXBkYXRlIjoxODAwMDAwMDAwMDAwfSwic2NoZW1hX3ZlcnNpb24iOiIxIn0=",
          "dependencies": [
            "azurerm_resource_group.rsg1",
            "azurerm_storage_account.stga1"
          ]
        }
      ]
    },
    {
      "mode": "managed",
      "type": "azurerm_storage_share",
      "name": "smb1",
      "provider": "provider.azurerm",
      "instances": [
        {
          "schema_version": 2,
          "attributes": {
            "acl": [],
            "id": "https://companyxstorageaccount.file.core.windows.net/backup",
            "metadata": null,
            "name": "backup",
            "quota": 50,
            "resource_manager_id": "/subscriptions/5e2a1a1b-aaf4-48ad-98a5-798b0112021c/resourceGroups/storageresources/providers/Microsoft.Storage/storageAccounts/companyxstorageaccount/fileServices/default/shares/backup",
            "storage_account_name": "companyxstorageaccount",
            "timeouts": null,
            "url": "https://companyxstorageaccount.file.core.windows.net/backup"
          },
          "private": "eyJlMmJmYjczMC1lY2FhLTExZTYtOGY4OC0zNDM2M2JjN2M0YzAiOnsiY3JlYXRlIjoxODAwMDAwMDAwMDAwLCJkZWxldGUiOjE4MDAwMDAwMDAwMDAsInJlYWQiOjMwMDAwMDAwMDAwMCwidXBkYXRlIjoxODAwMDAwMDAwMDAwfSwic2NoZW1hX3ZlcnNpb24iOiIyIn0=",
          "dependencies": [
            "azurerm_storage_account.stga1"
          ]
        }
      ]
    },
    {
      "mode": "managed",
      "type": "azurerm_storage_share",
      "name": "smb2",
      "provider": "provider.azurerm",
      "instances": [
        {
          "schema_version": 2,
          "attributes": {
            "acl": [],
            "id": "https://companyxstorageaccount.file.core.windows.net/development",
            "metadata": {},
            "name": "development",
            "quota": 50,
            "resource_manager_id": "/subscriptions/5e2a1a1b-aaf4-48ad-98a5-798b0112021c/resourceGroups/storageresources/providers/Microsoft.Storage/storageAccounts/companyxstorageaccount/fileServices/default/shares/development",
            "storage_account_name": "companyxstorageaccount",
            "timeouts": null,
            "url": "https://companyxstorageaccount.file.core.windows.net/development"
          },
          "private": "eyJlMmJmYjczMC1lY2FhLTExZTYtOGY4OC0zNDM2M2JjN2M0YzAiOnsiY3JlYXRlIjoxODAwMDAwMDAwMDAwLCJkZWxldGUiOjE4MDAwMDAwMDAwMDAsInJlYWQiOjMwMDAwMDAwMDAwMCwidXBkYXRlIjoxODAwMDAwMDAwMDAwfSwic2NoZW1hX3ZlcnNpb24iOiIyIn0=",
          "dependencies": [
            "azurerm_resource_group.rsg1",
            "azurerm_storage_account.stga1"
          ]
        }
      ]
    },
    {
      "mode": "managed",
      "type": "azurerm_storage_share",
      "name": "smb3",
      "provider": "provider.azurerm",
      "instances": [
        {
          "schema_version": 2,
          "attributes": {
            "acl": [],
            "id": "https://companyxstorageaccount.file.core.windows.net/general",
            "metadata": {},
            "name": "general",
            "quota": 50,
            "resource_manager_id": "/subscriptions/5e2a1a1b-aaf4-48ad-98a5-798b0112021c/resourceGroups/storageresources/providers/Microsoft.Storage/storageAccounts/companyxstorageaccount/fileServices/default/shares/general",
            "storage_account_name": "companyxstorageaccount",
            "timeouts": null,
            "url": "https://companyxstorageaccount.file.core.windows.net/general"
          },
          "private": "eyJlMmJmYjczMC1lY2FhLTExZTYtOGY4OC0zNDM2M2JjN2M0YzAiOnsiY3JlYXRlIjoxODAwMDAwMDAwMDAwLCJkZWxldGUiOjE4MDAwMDAwMDAwMDAsInJlYWQiOjMwMDAwMDAwMDAwMCwidXBkYXRlIjoxODAwMDAwMDAwMDAwfSwic2NoZW1hX3ZlcnNpb24iOiIyIn0=",
          "dependencies": [
            "azurerm_resource_group.rsg1",
            "azurerm_storage_account.stga1"
          ]
        }
      ]
    },
    {
      "mode": "managed",
      "type": "azurerm_storage_share",
      "name": "smb4",
      "provider": "provider.azurerm",
      "instances": [
        {
          "schema_version": 2,
          "attributes": {
            "acl": [],
            "id": "https://companyxstorageaccount.file.core.windows.net/sensitive",
            "metadata": {},
            "name": "sensitive",
            "quota": 50,
            "resource_manager_id": "/subscriptions/5e2a1a1b-aaf4-48ad-98a5-798b0112021c/resourceGroups/storageresources/providers/Microsoft.Storage/storageAccounts/companyxstorageaccount/fileServices/default/shares/sensitive",
            "storage_account_name": "companyxstorageaccount",
            "timeouts": null,
            "url": "https://companyxstorageaccount.file.core.windows.net/sensitive"
          },
          "private": "eyJlMmJmYjczMC1lY2FhLTExZTYtOGY4OC0zNDM2M2JjN2M0YzAiOnsiY3JlYXRlIjoxODAwMDAwMDAwMDAwLCJkZWxldGUiOjE4MDAwMDAwMDAwMDAsInJlYWQiOjMwMDAwMDAwMDAwMCwidXBkYXRlIjoxODAwMDAwMDAwMDAwfSwic2NoZW1hX3ZlcnNpb24iOiIyIn0=",
          "dependencies": [
            "azurerm_resource_group.rsg1",
            "azurerm_storage_account.stga1"
          ]
        }
      ]
    }
  ]
}
